
Microsoft Visual Studio Solution File, Format Version 12.00
# Visual Studio Version 16
VisualStudioVersion = 16.0.30128.74
MinimumVisualStudioVersion = 10.0.40219.1
Project("{FAE04EC0-301F-11D3-BF4B-00C04F79EFBC}") = "GrimBuilding", "GrimBuilding\GrimBuilding.csproj", "{54E7999C-F5D9-429B-AB39-1F1D93797422}"
EndProject
Project("{FAE04EC0-301F-11D3-BF4B-00C04F79EFBC}") = "GrimBuilding.DBGenerator", "GrimBuilding.DBGenerator\GrimBuilding.DBGenerator.csproj", "{60705E45-F0DC-4E03-9609-245E95496CC1}"
EndProject
Project("{2150E333-8FDC-42A3-9474-1A3956D46DE8}") = "Solution Items", "Solution Items", "{2B11A505-82DA-43F3-996A-8700C801CE2D}"
	ProjectSection(SolutionItems) = preProject
		.editorconfig = .editorconfig
	EndProjectSection
EndProject
Global
	GlobalSection(SolutionConfigurationPlatforms) = preSolution
		Debug|Any CPU = Debug|Any CPU
		Release|Any CPU = Release|Any CPU
	EndGlobalSection
	GlobalSection(ProjectConfigurationPlatforms) = postSolution
		{54E7999C-F5D9-429B-AB39-1F1D93797422}.Debug|Any CPU.ActiveCfg = Debug|Any CPU
		{54E7999C-F5D9-429B-AB39-1F1D93797422}.Debug|Any CPU.Build.0 = Debug|Any CPU
		{54E7999C-F5D9-429B-AB39-1F1D93797422}.Release|Any CPU.ActiveCfg = Release|Any CPU
		{54E7999C-F5D9-429B-AB39-1F1D93797422}.Release|Any CPU.Build.0 = Release|Any CPU
		{60705E45-F0DC-4E03-9609-245E95496CC1}.Debug|Any CPU.ActiveCfg = Debug|Any CPU
		{60705E45-F0DC-4E03-9609-245E95496CC1}.Debug|Any CPU.Build.0 = Debug|Any CPU
		{60705E45-F0DC-4E03-9609-245E95496CC1}.Release|Any CPU.ActiveCfg = Release|Any CPU
		{60705E45-F0DC-4E03-9609-245E95496CC1}.Release|Any CPU.Build.0 = Release|Any CPU
	EndGlobalSection
	GlobalSection(SolutionProperties) = preSolution
		HideSolutionNode = FALSE
	EndGlobalSection
	GlobalSection(ExtensibilityGlobals) = postSolution
		SolutionGuid = {11E6E65B-8877-4562-B04F-ED8B3A76DB01}
	EndGlobalSection
EndGlobal
